
Microsoft Visual Studio Solution File, Format Version 12.00
# Visual Studio Version 16
VisualStudioVersion = 16.0.29215.179
MinimumVisualStudioVersion = 10.0.40219.1
Project("{FAE04EC0-301F-11D3-BF4B-00C04F79EFBC}") = "lab10_kszi", "lab10_kszi\lab10_kszi.csproj", "{D22EDEA0-373F-4151-987D-06AD0774C07A}"
EndProject
Project("{FAE04EC0-301F-11D3-BF4B-00C04F79EFBC}") = "lab8_kszi", "lab8_kszi\lab8_kszi.csproj", "{8B09477B-D23E-40C7-9933-58D979D8D94B}"
EndProject
Project("{FAE04EC0-301F-11D3-BF4B-00C04F79EFBC}") = "lab8_kszi2", "lab8_kszi2\lab8_kszi2.csproj", "{21F22FC9-C008-4083-A5D4-93DE72C4AD09}"
EndProject
Global
	GlobalSection(SolutionConfigurationPlatforms) = preSolution
		Debug|Any CPU = Debug|Any CPU
		Release|Any CPU = Release|Any CPU
	EndGlobalSection
	GlobalSection(ProjectConfigurationPlatforms) = postSolution
		{D22EDEA0-373F-4151-987D-06AD0774C07A}.Debug|Any CPU.ActiveCfg = Debug|Any CPU
		{D22EDEA0-373F-4151-987D-06AD0774C07A}.Debug|Any CPU.Build.0 = Debug|Any CPU
		{D22EDEA0-373F-4151-987D-06AD0774C07A}.Release|Any CPU.ActiveCfg = Release|Any CPU
		{D22EDEA0-373F-4151-987D-06AD0774C07A}.Release|Any CPU.Build.0 = Release|Any CPU
		{8B09477B-D23E-40C7-9933-58D979D8D94B}.Debug|Any CPU.ActiveCfg = Debug|Any CPU
		{8B09477B-D23E-40C7-9933-58D979D8D94B}.Debug|Any CPU.Build.0 = Debug|Any CPU
		{8B09477B-D23E-40C7-9933-58D979D8D94B}.Release|Any CPU.ActiveCfg = Release|Any CPU
		{8B09477B-D23E-40C7-9933-58D979D8D94B}.Release|Any CPU.Build.0 = Release|Any CPU
		{21F22FC9-C008-4083-A5D4-93DE72C4AD09}.Debug|Any CPU.ActiveCfg = Debug|Any CPU
		{21F22FC9-C008-4083-A5D4-93DE72C4AD09}.Debug|Any CPU.Build.0 = Debug|Any CPU
		{21F22FC9-C008-4083-A5D4-93DE72C4AD09}.Release|Any CPU.ActiveCfg = Release|Any CPU
		{21F22FC9-C008-4083-A5D4-93DE72C4AD09}.Release|Any CPU.Build.0 = Release|Any CPU
	EndGlobalSection
	GlobalSection(SolutionProperties) = preSolution
		HideSolutionNode = FALSE
	EndGlobalSection
	GlobalSection(ExtensibilityGlobals) = postSolution
		SolutionGuid = {DAC5EF38-CCD0-466C-857E-3A359F280367}
	EndGlobalSection
EndGlobal
